
Microsoft Visual Studio Solution File, Format Version 12.00
# Visual Studio Version 16
VisualStudioVersion = 16.0.30711.63
MinimumVisualStudioVersion = 10.0.40219.1
Project("{FAE04EC0-301F-11D3-BF4B-00C04F79EFBC}") = "EFF 2019", "EFF 2019\EFF 2019.csproj", "{348E9549-4424-466D-9768-FD714BC43BAA}"
EndProject
Global
	GlobalSection(SolutionConfigurationPlatforms) = preSolution
		Debug|Any CPU = Debug|Any CPU
		Release|Any CPU = Release|Any CPU
	EndGlobalSection
	GlobalSection(ProjectConfigurationPlatforms) = postSolution
		{348E9549-4424-466D-9768-FD714BC43BAA}.Debug|Any CPU.ActiveCfg = Debug|Any CPU
		{348E9549-4424-466D-9768-FD714BC43BAA}.Debug|Any CPU.Build.0 = Debug|Any CPU
		{348E9549-4424-466D-9768-FD714BC43BAA}.Release|Any CPU.ActiveCfg = Release|Any CPU
		{348E9549-4424-466D-9768-FD714BC43BAA}.Release|Any CPU.Build.0 = Release|Any CPU
	EndGlobalSection
	GlobalSection(SolutionProperties) = preSolution
		HideSolutionNode = FALSE
	EndGlobalSection
	GlobalSection(ExtensibilityGlobals) = postSolution
		SolutionGuid = {E964CC1C-959D-436B-98EE-49F9518F0C62}
	EndGlobalSection
EndGlobal
